Microsoft Visual Studio Solution File, Format Version 12.00
# Visual Studio Version 17
VisualStudioVersion = 17.5.2.0
MinimumVisualStudioVersion = 10.0.40219.1
Project("{FAE04EC0-301F-11D3-BF4B-00C04F79EFBC}") = "MailDemo", "MailDemo.csproj", "{ECAFFFBB-196A-7271-364C-0941137BEBF3}"
EndProject
Global
	GlobalSection(SolutionConfigurationPlatforms) = preSolution
		Debug|Any CPU = Debug|Any CPU
		Release|Any CPU = Release|Any CPU
	EndGlobalSection
	GlobalSection(ProjectConfigurationPlatforms) = postSolution
		{ECAFFFBB-196A-7271-364C-0941137BEBF3}.Debug|Any CPU.ActiveCfg = Debug|Any CPU
		{ECAFFFBB-196A-7271-364C-0941137BEBF3}.Debug|Any CPU.Build.0 = Debug|Any CPU
		{ECAFFFBB-196A-7271-364C-0941137BEBF3}.Release|Any CPU.ActiveCfg = Release|Any CPU
		{ECAFFFBB-196A-7271-364C-0941137BEBF3}.Release|Any CPU.Build.0 = Release|Any CPU
	EndGlobalSection
	GlobalSection(SolutionProperties) = preSolution
		HideSolutionNode = FALSE
	EndGlobalSection
	GlobalSection(ExtensibilityGlobals) = postSolution
		SolutionGuid = {FE992F71-AC26-4203-9853-8D2327D8B859}
	EndGlobalSection
EndGlobal
